
Microsoft Visual Studio Solution File, Format Version 12.00
# Visual Studio Version 17
VisualStudioVersion = 17.8.34511.84
MinimumVisualStudioVersion = 10.0.40219.1
Project("{FAE04EC0-301F-11D3-BF4B-00C04F79EFBC}") = "SistemaTienda1.5", "SistemaTienda1.5\SistemaTienda1.5.csproj", "{2CA24FE7-29B1-45A9-8273-E571457D80B5}"
EndProject
Global
	GlobalSection(SolutionConfigurationPlatforms) = preSolution
		Debug|Any CPU = Debug|Any CPU
		Release|Any CPU = Release|Any CPU
	EndGlobalSection
	GlobalSection(ProjectConfigurationPlatforms) = postSolution
		{2CA24FE7-29B1-45A9-8273-E571457D80B5}.Debug|Any CPU.ActiveCfg = Debug|Any CPU
		{2CA24FE7-29B1-45A9-8273-E571457D80B5}.Debug|Any CPU.Build.0 = Debug|Any CPU
		{2CA24FE7-29B1-45A9-8273-E571457D80B5}.Release|Any CPU.ActiveCfg = Release|Any CPU
		{2CA24FE7-29B1-45A9-8273-E571457D80B5}.Release|Any CPU.Build.0 = Release|Any CPU
	EndGlobalSection
	GlobalSection(SolutionProperties) = preSolution
		HideSolutionNode = FALSE
	EndGlobalSection
	GlobalSection(ExtensibilityGlobals) = postSolution
		SolutionGuid = {5B5FA756-884E-48AD-A745-6E9DA27D803F}
	EndGlobalSection
EndGlobal
